// !$*UTF8*$!
{
	archiveVersion = 1;
	classes = {
	};
	objectVersion = 46;
	objects = {

/* Begin PBXBuildFile section */
		9799E8961BF3A4CB001EC988 /* main.m in Sources */ = {isa = PBXBuildFile; fileRef = 9799E8951BF3A4CB001EC988 /* main.m */; };
		9799E8991BF3A4CB001EC988 /* AppDelegate.m in Sources */ = {isa = PBXBuildFile; fileRef = 9799E8981BF3A4CB001EC988 /* AppDelegate.m */; };
		9799E89C1BF3A4CB001EC988 /* ViewController.m in Sources */ = {isa = PBXBuildFile; fileRef = 9799E89B1BF3A4CB001EC988 /* ViewController.m */; };
		9799E89F1BF3A4CB001EC988 /* Main.storyboard in Resources */ = {isa = PBXBuildFile; fileRef = 9799E89D1BF3A4CB001EC988 /* Main.storyboard */; };
		9799E8A11BF3A4CB001EC988 /* Assets.xcassets in Resources */ = {isa = PBXBuildFile; fileRef = 9799E8A01BF3A4CB001EC988 /* Assets.xcassets */; };
		9799E8A41BF3A4CB001EC988 /* LaunchScreen.storyboard in Resources */ = {isa = PBXBuildFile; fileRef = 9799E8A21BF3A4CB001EC988 /* LaunchScreen.storyboard */; };
/* End PBXBuildFile section */

/* Begin PBXFileReference section */
		9799E8911BF3A4CB001EC988 /* Fuse.app */ = {isa = PBXFileReference; explicitFileType = wrapper.application; includeInIndex = 0; path = Fuse.app; sourceTree = BUILT_PRODUCTS_DIR; };
		9799E8951BF3A4CB001EC988 /* main.m */ = {isa = PBXFileReference; lastKnownFileType = sourcecode.c.objc; path = main.m; sourceTree = "<group>"; };
		9799E8971BF3A4CB001EC988 /* AppDelegate.h */ = {isa = PBXFileReference; lastKnownFileType = sourcecode.c.h; path = AppDelegate.h; sourceTree = "<group>"; };
		9799E8981BF3A4CB001EC988 /* AppDelegate.m */ = {isa = PBXFileReference; lastKnownFileType = sourcecode.c.objc; path = AppDelegate.m; sourceTree = "<group>"; };
		9799E89A1BF3A4CB001EC988 /* ViewController.h */ = {isa = PBXFileReference; lastKnownFileType = sourcecode.c.h; path = ViewController.h; sourceTree = "<group>"; };
		9799E89B1BF3A4CB001EC988 /* ViewController.m */ = {isa = PBXFileReference; lastKnownFileType = sourcecode.c.objc; path = ViewController.m; sourceTree = "<group>"; };
		9799E89E1BF3A4CB001EC988 /* Base */ = {isa = PBXFileReference; lastKnownFileType = file.storyboard; name = Base; path = Base.lproj/Main.storyboard; sourceTree = "<group>"; };
		9799E8A01BF3A4CB001EC988 /* Assets.xcassets */ = {isa = PBXFileReference; lastKnownFileType = folder.assetcatalog; path = Assets.xcassets; sourceTree = "<group>"; };
		9799E8A31BF3A4CB001EC988 /* Base */ = {isa = PBXFileReference; lastKnownFileType = file.storyboard; name = Base; path = Base.lproj/LaunchScreen.storyboard; sourceTree = "<group>"; };
		9799E8A51BF3A4CB001EC988 /* Info.plist */ = {isa = PBXFileReference; lastKnownFileType = text.plist.xml; path = Info.plist; sourceTree = "<group>"; };
/* End PBXFileReference section */

/* Begin PBXFrameworksBuildPhase section */
		9799E88E1BF3A4CB001EC988 /* Frameworks */ = {
			isa = PBXFrameworksBuildPhase;
			buildActionMask = 2147483647;
			files = (
			);
			runOnlyForDeploymentPostprocessing = 0;
		};
/* End PBXFrameworksBuildPhase section */

/* Begin PBXGroup section */
		9799E8881BF3A4CB001EC988 = {
			isa = PBXGroup;
			children = (
				9799E8931BF3A4CB001EC988 /* Fuse */,
				9799E8921BF3A4CB001EC988 /* Products */,
			);
			sourceTree = "<group>";
		};
		9799E8921BF3A4CB001EC988 /* Products */ = {
			isa = PBXGroup;
			children = (
				9799E8911BF3A4CB001EC988 /* Fuse.app */,
			);
			name = Products;
			sourceTree = "<group>";
		};
		9799E8931BF3A4CB001EC988 /* Fuse */ = {
			isa = PBXGroup;
			children = (
				9799E8971BF3A4CB001EC988 /* AppDelegate.h */,
				9799E8981BF3A4CB001EC988 /* AppDelegate.m */,
				9799E89A1BF3A4CB001EC988 /* ViewController.h */,
				9799E89B1BF3A4CB001EC988 /* ViewController.m */,
				9799E89D1BF3A4CB001EC988 /* Main.storyboard */,
				9799E8A01BF3A4CB001EC988 /* Assets.xcassets */,
				9799E8A21BF3A4CB001EC988 /* LaunchScreen.storyboard */,
				9799E8A51BF3A4CB001EC988 /* Info.plist */,
				9799E8941BF3A4CB001EC988 /* Supporting Files */,
			);
			path = Fuse;
			sourceTree = "<group>";
		};
		9799E8941BF3A4CB001EC988 /* Supporting Files */ = {
			isa = PBXGroup;
			children = (
				9799E8951BF3A4CB001EC988 /* main.m */,
			);
			name = "Supporting Files";
			sourceTree = "<group>";
		};
/* End PBXGroup section */

/* Begin PBXNativeTarget section */
		9799E8901BF3A4CB001EC988 /* Fuse */ = {
			isa = PBXNativeTarget;
			buildConfigurationList = 9799E8A81BF3A4CB001EC988 /* Build configuration list for PBXNativeTarget "Fuse" */;
			buildPhases = (
				9799E88D1BF3A4CB001EC988 /* Sources */,
				9799E88E1BF3A4CB001EC988 /* Frameworks */,
				9799E88F1BF3A4CB001EC988 /* Resources */,
			);
			buildRules = (
			);
			dependencies = (
			);
			name = Fuse;
			productName = Fuse;
			productReference = 9799E8911BF3A4CB001EC988 /* Fuse.app */;
			productType = "com.apple.product-type.application";
		};
/* End PBXNativeTarget section */

/* Begin PBXProject section */
		9799E8891BF3A4CB001EC988 /* Project object */ = {
			isa = PBXProject;
			attributes = {
				LastUpgradeCheck = 0710;
				ORGANIZATIONNAME = BP;
				TargetAttributes = {
					9799E8901BF3A4CB001EC988 = {
						CreatedOnToolsVersion = 7.1;
					};
				};
			};
			buildConfigurationList = 9799E88C1BF3A4CB001EC988 /* Build configuration list for PBXProject "Fuse" */;
			compatibilityVersion = "Xcode 3.2";
			developmentRegion = English;
			hasScannedForEncodings = 0;
			knownRegions = (
				en,
				Base,
			);
			mainGroup = 9799E8881BF3A4CB001EC988;
			productRefGroup = 9799E8921BF3A4CB001EC988 /* Products */;
			projectDirPath = "";
			projectRoot = "";
			targets = (
				9799E8901BF3A4CB001EC988 /* Fuse */,
			);
		};
/* End PBXProject section */

/* Begin PBXResourcesBuildPhase section */
		9799E88F1BF3A4CB001EC988 /* Resources */ = {
			isa = PBXResourcesBuildPhase;
			buildActionMask = 2147483647;
			files = (
				9799E8A41BF3A4CB001EC988 /* LaunchScreen.storyboard in Resources */,
				9799E8A11BF3A4CB001EC988 /* Assets.xcassets in Resources */,
				9799E89F1BF3A4CB001EC988 /* Main.storyboard in Resources */,
			);
			runOnlyForDeploymentPostprocessing = 0;
		};
/* End PBXResourcesBuildPhase section */

/* Begin PBXSourcesBuildPhase section */
		9799E88D1BF3A4CB001EC988 /* Sources */ = {
			isa = PBXSourcesBuildPhase;
			buildActionMask = 2147483647;
			files = (
				9799E89C1BF3A4CB001EC988 /* ViewController.m in Sources */,
				9799E8991BF3A4CB001EC988 /* AppDelegate.m in Sources */,
				9799E8961BF3A4CB001EC988 /* main.m in Sources */,
			);
			runOnlyForDeploymentPostprocessing = 0;
		};
/* End PBXSourcesBuildPhase section */

/* Begin PBXVariantGroup section */
		9799E89D1BF3A4CB001EC988 /* Main.storyboard */ = {
			isa = PBXVariantGroup;
			children = (
				9799E89E1BF3A4CB001EC988 /* Base */,
			);
			name = Main.storyboard;
			sourceTree = "<group>";
		};
		9799E8A21BF3A4CB001EC988 /* LaunchScreen.storyboard */ = {
			isa = PBXVariantGroup;
			children = (
				9799E8A31BF3A4CB001EC988 /* Base */,
			);
			name = LaunchScreen.storyboard;
			sourceTree = "<group>";
		};
/* End PBXVariantGroup section */

/* Begin XCBuildConfiguration section */
		9799E8A61BF3A4CB001EC988 /* Debug */ = {
			isa = XCBuildConfiguration;
			buildSettings = {
				ALWAYS_SEARCH_USER_PATHS = NO;
				CLANG_CXX_LANGUAGE_STANDARD = "gnu++0x";
				CLANG_CXX_LIBRARY = "libc++";
				CLANG_ENABLE_MODULES = YES;
				CLANG_ENABLE_OBJC_ARC = YES;
				CLANG_WARN_BOOL_CONVERSION = YES;
				CLANG_WARN_CONSTANT_CONVERSION = YES;
				CLANG_WARN_DIRECT_OBJC_ISA_USAGE = YES_ERROR;
				CLANG_WARN_EMPTY_BODY = YES;
				CLANG_WARN_ENUM_CONVERSION = YES;
				CLANG_WARN_INT_CONVERSION = YES;
				CLANG_WARN_OBJC_ROOT_CLASS = YES_ERROR;
				CLANG_WARN_UNREACHABLE_CODE = YES;
				CLANG_WARN__DUPLICATE_METHOD_MATCH = YES;
				CODE_SIGN_IDENTITY = "iPhone Developer: Sabrina Aubert (MC2E77MDR3)";
				"CODE_SIGN_IDENTITY[sdk=iphoneos*]" = "iPhone Developer";
				COPY_PHASE_STRIP = NO;
				DEBUG_INFORMATION_FORMAT = dwarf;
				ENABLE_STRICT_OBJC_MSGSEND = YES;
				ENABLE_TESTABILITY = YES;
				GCC_C_LANGUAGE_STANDARD = gnu99;
				GCC_DYNAMIC_NO_PIC = NO;
				GCC_NO_COMMON_BLOCKS = YES;
				GCC_OPTIMIZATION_LEVEL = 0;
				GCC_PREPROCESSOR_DEFINITIONS = (
					"DEBUG=1",
					"$(inherited)",
				);
				GCC_WARN_64_TO_32_BIT_CONVERSION = YES;
				GCC_WARN_ABOUT_RETURN_TYPE = YES_ERROR;
				GCC_WARN_UNDECLARED_SELECTOR = YES;
				GCC_WARN_UNINITIALIZED_AUTOS = YES_AGGRESSIVE;
				GCC_WARN_UNUSED_FUNCTION = YES;
				GCC_WARN_UNUSED_VARIABLE = YES;
				IPHONEOS_DEPLOYMENT_TARGET = 9.1;
				MTL_ENABLE_DEBUG_INFO = YES;
				ONLY_ACTIVE_ARCH = YES;
				PROVISIONING_PROFILE = "2ee60b7f-1288-4500-a870-dc31de8e5dd5";
				SDKROOT = iphoneos9.1;
			};
			name = Debug;
		};
		9799E8A71BF3A4CB001EC988 /* Release */ = {
			isa = XCBuildConfiguration;
			buildSettings = {
				ALWAYS_SEARCH_USER_PATHS = NO;
				CLANG_CXX_LANGUAGE_STANDARD = "gnu++0x";
				CLANG_CXX_LIBRARY = "libc++";
				CLANG_ENABLE_MODULES = YES;
				CLANG_ENABLE_OBJC_ARC = YES;
				CLANG_WARN_BOOL_CONVERSION = YES;
				CLANG_WARN_CONSTANT_CONVERSION = YES;
				CLANG_WARN_DIRECT_OBJC_ISA_USAGE = YES_ERROR;
				CLANG_WARN_EMPTY_BODY = YES;
				CLANG_WARN_ENUM_CONVERSION = YES;
				CLANG_WARN_INT_CONVERSION = YES;
				CLANG_WARN_OBJC_ROOT_CLASS = YES_ERROR;
				CLANG_WARN_UNREACHABLE_CODE = YES;
				CLANG_WARN__DUPLICATE_METHOD_MATCH = YES;
				CODE_SIGN_IDENTITY = "iPhone Developer: Sabrina Aubert (MC2E77MDR3)";
				"CODE_SIGN_IDENTITY[sdk=iphoneos*]" = "iPhone Developer";
				COPY_PHASE_STRIP = NO;
				DEBUG_INFORMATION_FORMAT = "dwarf-with-dsym";
				ENABLE_NS_ASSERTIONS = NO;
				ENABLE_STRICT_OBJC_MSGSEND = YES;
				GCC_C_LANGUAGE_STANDARD = gnu99;
				GCC_NO_COMMON_BLOCKS = YES;
				GCC_WARN_64_TO_32_BIT_CONVERSION = YES;
				GCC_WARN_ABOUT_RETURN_TYPE = YES_ERROR;
				GCC_WARN_UNDECLARED_SELECTOR = YES;
				GCC_WARN_UNINITIALIZED_AUTOS = YES_AGGRESSIVE;
				GCC_WARN_UNUSED_FUNCTION = YES;
				GCC_WARN_UNUSED_VARIABLE = YES;
				IPHONEOS_DEPLOYMENT_TARGET = 9.1;
				MTL_ENABLE_DEBUG_INFO = NO;
				PROVISIONING_PROFILE = "2ee60b7f-1288-4500-a870-dc31de8e5dd5";
				SDKROOT = iphoneos9.1;
				VALIDATE_PRODUCT = YES;
			};
			name = Release;
		};
		9799E8A91BF3A4CB001EC988 /* Debug */ = {
			isa = XCBuildConfiguration;
			buildSettings = {
				ASSETCATALOG_COMPILER_APPICON_NAME = AppIcon;
				CODE_SIGN_IDENTITY = "iPhone Developer: Sabrina Aubert (MC2E77MDR3)";
				INFOPLIST_FILE = Fuse/Info.plist;
				LD_RUNPATH_SEARCH_PATHS = "$(inherited) @executable_path/Frameworks";
				PRODUCT_BUNDLE_IDENTIFIER = com.bp.es.Fuse;
				PRODUCT_NAME = "$(TARGET_NAME)";
				PROVISIONING_PROFILE = "2ee60b7f-1288-4500-a870-dc31de8e5dd5";
			};
			name = Debug;
		};
		9799E8AA1BF3A4CB001EC988 /* Release */ = {
			isa = XCBuildConfiguration;
			buildSettings = {
				ASSETCATALOG_COMPILER_APPICON_NAME = AppIcon;
				CODE_SIGN_IDENTITY = "iPhone Developer: Sabrina Aubert (MC2E77MDR3)";
				INFOPLIST_FILE = Fuse/Info.plist;
				LD_RUNPATH_SEARCH_PATHS = "$(inherited) @executable_path/Frameworks";
				PRODUCT_BUNDLE_IDENTIFIER = com.bp.es.Fuse;
				PRODUCT_NAME = "$(TARGET_NAME)";
				PROVISIONING_PROFILE = "2ee60b7f-1288-4500-a870-dc31de8e5dd5";
			};
			name = Release;
		};
/* End XCBuildConfiguration section */

/* Begin XCConfigurationList section */
		9799E88C1BF3A4CB001EC988 /* Build configuration list for PBXProject "Fuse" */ = {
			isa = XCConfigurationList;
			buildConfigurations = (
				9799E8A61BF3A4CB001EC988 /* Debug */,
				9799E8A71BF3A4CB001EC988 /* Release */,
			);
			defaultConfigurationIsVisible = 0;
			defaultConfigurationName = Release;
		};
		9799E8A81BF3A4CB001EC988 /* Build configuration list for PBXNativeTarget "Fuse" */ = {
			isa = XCConfigurationList;
			buildConfigurations = (
				9799E8A91BF3A4CB001EC988 /* Debug */,
				9799E8AA1BF3A4CB001EC988 /* Release */,
			);
			defaultConfigurationIsVisible = 0;
			defaultConfigurationName = Release;
		};
/* End XCConfigurationList section */
	};
	rootObject = 9799E8891BF3A4CB001EC988 /* Project object */;
}
